
Microsoft Visual Studio Solution File, Format Version 12.00
# Visual Studio 2015
Project("{FAE04EC0-301F-11D3-BF4B-00C04F79EFBC}") = "MyLuaTest01.CSharp", "MyLuaTest01.CSharp.csproj", "{FCF84608-3A25-BB8B-9554-1F464B2C387F}"
EndProject
Project("{FAE04EC0-301F-11D3-BF4B-00C04F79EFBC}") = "MyLuaTest01.CSharp.Editor", "MyLuaTest01.CSharp.Editor.csproj", "{B8303175-945C-2A17-AF19-957661164B30}"
EndProject
Global
	GlobalSection(SolutionConfigurationPlatforms) = preSolution
		Debug|Any CPU = Debug|Any CPU
		Release|Any CPU = Release|Any CPU
	EndGlobalSection
	GlobalSection(ProjectConfigurationPlatforms) = postSolution
		{FCF84608-3A25-BB8B-9554-1F464B2C387F}.Debug|Any CPU.ActiveCfg = Debug|Any CPU
		{FCF84608-3A25-BB8B-9554-1F464B2C387F}.Debug|Any CPU.Build.0 = Debug|Any CPU
		{FCF84608-3A25-BB8B-9554-1F464B2C387F}.Release|Any CPU.ActiveCfg = Release|Any CPU
		{FCF84608-3A25-BB8B-9554-1F464B2C387F}.Release|Any CPU.Build.0 = Release|Any CPU
		{B8303175-945C-2A17-AF19-957661164B30}.Debug|Any CPU.ActiveCfg = Debug|Any CPU
		{B8303175-945C-2A17-AF19-957661164B30}.Debug|Any CPU.Build.0 = Debug|Any CPU
		{B8303175-945C-2A17-AF19-957661164B30}.Release|Any CPU.ActiveCfg = Release|Any CPU
		{B8303175-945C-2A17-AF19-957661164B30}.Release|Any CPU.Build.0 = Release|Any CPU
	EndGlobalSection
	GlobalSection(SolutionProperties) = preSolution
		HideSolutionNode = FALSE
	EndGlobalSection
EndGlobal
